
Microsoft Visual Studio Solution File, Format Version 12.00
# Visual Studio Version 17
VisualStudioVersion = 17.8.34330.188
MinimumVisualStudioVersion = 10.0.40219.1
Project("{9A19103F-16F7-4668-BE54-9A1E7A4F7556}") = "TeraTheTaxCollector", "TeraTheTaxCollector.csproj", "{2BDDDC76-7FB9-4D6E-9D5A-68317669C659}"
EndProject
Global
	GlobalSection(SolutionConfigurationPlatforms) = preSolution
		Debug|Any CPU = Debug|Any CPU
		Release|Any CPU = Release|Any CPU
	EndGlobalSection
	GlobalSection(ProjectConfigurationPlatforms) = postSolution
		{2BDDDC76-7FB9-4D6E-9D5A-68317669C659}.Debug|Any CPU.ActiveCfg = Release|Any CPU
		{2BDDDC76-7FB9-4D6E-9D5A-68317669C659}.Debug|Any CPU.Build.0 = Release|Any CPU
		{2BDDDC76-7FB9-4D6E-9D5A-68317669C659}.Release|Any CPU.ActiveCfg = Release|Any CPU
		{2BDDDC76-7FB9-4D6E-9D5A-68317669C659}.Release|Any CPU.Build.0 = Release|Any CPU
	EndGlobalSection
	GlobalSection(SolutionProperties) = preSolution
		HideSolutionNode = FALSE
	EndGlobalSection
	GlobalSection(ExtensibilityGlobals) = postSolution
		SolutionGuid = {7CCC98BF-5D31-4451-9EB3-BF65D152364A}
	EndGlobalSection
EndGlobal
